<?xml version="1.0" encoding="utf-8"?>
<Project ToolsVersion="4.0" xmlns="http://schemas.microsoft.com/developer/msbuild/2003">
  <ItemGroup>
    <ClCompile Include="Command.cpp" />
    <ClCompile Include="ConcreteCommand.cpp" />
    <ClCompile Include="ECS\Systems\RenderSystem.cpp" />
    <ClCompile Include="ControlSystem.cpp" />
    <ClCompile Include="Game.cpp" />
    <ClCompile Include="InputHandler.cpp" />
    <ClCompile Include="main.cpp" />
    <ClCompile Include="Resource Manager\ImageResource.cpp" />
    <ClCompile Include="Resource Manager\ResourceManager.cpp" />
    <ClCompile Include="Resource Manager\SoundResource.cpp" />
    <ClCompile Include="SdlVector.cpp" />
    <ClCompile Include="Level\Level.cpp" />
    <ClCompile Include="ECS\Components\PositionComponent.cpp" />
  </ItemGroup>
  <ItemGroup>
    <ClInclude Include="Command.h" />
    <ClInclude Include="ConcreteCommand.h" />
    <ClInclude Include="ECS\Components\Components.h" />
    <ClInclude Include="ECS\Entities\Entity.h" />
    <ClInclude Include="ECS\Systems\RenderSystem.h" />
    <ClInclude Include="ECS\Systems\System.h" />
    <ClInclude Include="Game.h" />
    <ClInclude Include="InputHandler.h" />
    <ClInclude Include="Resource Manager\ImageResource.h" />
    <ClInclude Include="Resource Manager\ResourceManager.h" />
    <ClInclude Include="ControlSystem.h" />
    <ClInclude Include="Resource Manager\SoundResource.h" />
    <ClInclude Include="SdlVector.h" />
    <ClInclude Include="ECS\Components\SpriteComponent.h" />
    <ClInclude Include="ECS\Components\PositionComponent.h" />
    <ClInclude Include="ECS\Components\HealthComponent.h" />
    <ClInclude Include="ECS\Components\AnimationComponent.h" />
    <ClInclude Include="Level\Level.h" />
    <ClInclude Include="Systems\System.h" />
    <ClInclude Include="Systems\RenderSystem.h" />
  </ItemGroup>
</Project>