<?xml version="1.0" encoding="utf-8"?>
<Project ToolsVersion="4.0" xmlns="http://schemas.microsoft.com/developer/msbuild/2003">
  <ItemGroup>
    <ClCompile Include="Camera.cpp" />
    <ClCompile Include="Command.cpp" />
    <ClCompile Include="ConcreteCommand.cpp" />
    <ClCompile Include="ECS\Components\BodyComponent.cpp" />
    <ClCompile Include="ECS\Components\PositionComponent.cpp" />
    <ClCompile Include="ECS\Systems\AnimationSystem.cpp" />
    <ClCompile Include="ECS\Systems\PhysicsSystem.cpp" />
    <ClCompile Include="ECS\Systems\RenderSystem.cpp" />
    <ClCompile Include="ControlSystem.cpp" />
    <ClCompile Include="Factories\CharacterFactory.cpp" />
    <ClCompile Include="FSM\Animation.cpp" />
    <ClCompile Include="Game.cpp" />
    <ClCompile Include="InputHandler.cpp" />
    <ClCompile Include="Level\Level.cpp" />
    <ClCompile Include="main.cpp" />
    <ClCompile Include="Menu\Button.cpp" />
    <ClCompile Include="Menu\CreditsScreen.cpp" />
    <ClCompile Include="Menu\Label.cpp" />
    <ClCompile Include="Menu\LevelSelectMenu.cpp" />
    <ClCompile Include="Menu\MainMenu.cpp" />
    <ClCompile Include="Menu\OptionsMenu.cpp" />
    <ClCompile Include="Menu\Screen.cpp" />
    <ClCompile Include="Resource Manager\ImageResource.cpp" />
    <ClCompile Include="Resource Manager\ResourceManager.cpp" />
    <ClCompile Include="Resource Manager\SoundResource.cpp" />
    <ClCompile Include="Utils\VectorAPI.cpp" />
    <ClCompile Include="Utils\MathUtils.cpp" />
    <ClCompile Include="ECS\Components\BodyComponent.cpp" />
    <ClCompile Include="ECS\Systems\PhysicsSystem.cpp" />
    <ClCompile Include="Menu\Screen.cpp" />
    <ClCompile Include="Client\Client.cpp" />
    <ClCompile Include="Factories\PlayerFactory.cpp" />
    <ClCompile Include="FSM\WalkingState.cpp" />
    <ClCompile Include="FSM\IdleState.cpp" />
    <ClCompile Include="ECS\Systems\MovementSystem.cpp" />
    <ClCompile Include="ECS\Systems\TimeToLiveSystem.cpp" />
  </ItemGroup>
  <ItemGroup>
    <ClInclude Include="Command.h" />
    <ClInclude Include="ConcreteCommand.h" />
    <ClInclude Include="ECS\Components\AnimationComponent.h" />
    <ClInclude Include="ECS\Components\BodyComponent.h" />
    <ClInclude Include="ECS\Components\Components.h" />
    <ClInclude Include="ECS\Components\HealthComponent.h" />
    <ClInclude Include="ECS\Components\PositionComponent.h" />
    <ClInclude Include="ECS\Components\SpriteComponent.h" />
    <ClInclude Include="ECS\Entities\Entity.h" />
    <ClInclude Include="ECS\Systems\AnimationSystem.h" />
    <ClInclude Include="ECS\Systems\PhysicsSystem.h" />
    <ClInclude Include="ECS\Systems\RenderSystem.h" />
    <ClInclude Include="ECS\Systems\System.h" />
    <ClInclude Include="Factories\Factory.h" />
    <ClInclude Include="FSM\Animation.h" />
    <ClInclude Include="FSM\AnimationState.h" />
    <ClInclude Include="FSM\IdleState.h" />
    <ClInclude Include="FSM\IState.h" />
    <ClInclude Include="FSM\WalkingState.h" />
    <ClInclude Include="Game.h" />
    <ClInclude Include="InputHandler.h" />
    <ClInclude Include="Level\Level.h" />
    <ClInclude Include="Camera.h" />
    <ClInclude Include="Menu\Button.h" />
    <ClInclude Include="Menu\CreditsScreen.h" />
    <ClInclude Include="Menu\Label.h" />
    <ClInclude Include="Menu\LevelSelectMenu.h" />
    <ClInclude Include="Menu\MainMenu.h" />
    <ClInclude Include="Menu\OptionsMenu.h" />
    <ClInclude Include="Menu\Screen.h" />
    <ClInclude Include="Resource Manager\ImageResource.h" />
    <ClInclude Include="Resource Manager\ResourceManager.h" />
    <ClInclude Include="ControlSystem.h" />
    <ClInclude Include="Systems\RenderSystem.h" />
    <ClInclude Include="Systems\System.h" />
    <ClInclude Include="Utils\VectorAPI.h" />
    <ClInclude Include="Utils\MathUtils.h" />
    <ClInclude Include="Resource Manager\SoundResource.h" />
    <ClInclude Include="ECS\Components\BodyComponent.h" />
    <ClInclude Include="ECS\Systems\PhysicsSystem.h" />
    <ClInclude Include="Menu\Screen.h" />
    <ClInclude Include="Client\Client.h" />
    <ClInclude Include="Client\ParseUtils.h" />
    <ClInclude Include="Factories\PlayerFactory.h" />
    <ClInclude Include="ECS\Components\VelocityComponent.h" />
    <ClInclude Include="ECS\Systems\MovementSystem.h" />
    <ClInclude Include="ECS\Components\TimeToLiveComponent.h" />
    <ClInclude Include="ECS\Systems\TimeToLiveSystem.h" />
  </ItemGroup>
</Project>
